
Microsoft Visual Studio Solution File, Format Version 12.00
# Visual Studio Version 17
VisualStudioVersion = 17.0.32002.185
MinimumVisualStudioVersion = 10.0.40219.1
Project("{2150E333-8FDC-42A3-9474-1A3956D46DE8}") = "BookingService", "BookingService", "{0B20A22E-8722-414A-AE36-3E670BAABF2B}"
EndProject
Project("{2150E333-8FDC-42A3-9474-1A3956D46DE8}") = "PaymentService", "PaymentService", "{BCF228AA-C18C-4E57-997C-C81E32F6F82F}"
EndProject
Project("{2150E333-8FDC-42A3-9474-1A3956D46DE8}") = "Core", "Core", "{F046746B-889E-4DD6-A669-DECB2AEF8503}"
EndProject
Project("{2150E333-8FDC-42A3-9474-1A3956D46DE8}") = "Application", "Application", "{C478F4BA-BA2D-4917-A7C0-A540C7B25B32}"
EndProject
Project("{2150E333-8FDC-42A3-9474-1A3956D46DE8}") = "Domain", "Domain", "{6F7CCA00-61B5-4852-9887-8C1C1E3DDB43}"
EndProject
Project("{2150E333-8FDC-42A3-9474-1A3956D46DE8}") = "Adapters", "Adapters", "{433EEE36-4D3D-438B-A2E4-8BEEB9E7E183}"
EndProject
Project("{2150E333-8FDC-42A3-9474-1A3956D46DE8}") = "Consumers", "Consumers", "{35A99FDC-DF10-4DE4-BE11-9D645AA9B77C}"
EndProject
Project("{2150E333-8FDC-42A3-9474-1A3956D46DE8}") = "Tests", "Tests", "{48B2E03C-996A-48D8-B004-D0C5AF022294}"
EndProject
Project("{2150E333-8FDC-42A3-9474-1A3956D46DE8}") = "Domain", "Domain", "{ABF6C46D-F8BE-4E77-9B3E-988971350A00}"
EndProject
Project("{2150E333-8FDC-42A3-9474-1A3956D46DE8}") = "Application", "Application", "{6C12FC95-AF07-448A-A820-AE83716991D8}"
EndProject
Project("{2150E333-8FDC-42A3-9474-1A3956D46DE8}") = "Adapters", "Adapters", "{69DBFE94-C108-4895-AC87-081A27061034}"
EndProject
Project("{9A19103F-16F7-4668-BE54-9A1E7A4F7556}") = "DomainTests", "BookingService\Tests\Domain\DomainTests\DomainTests.csproj", "{EBBD99A7-EDDB-4C83-9CEF-9687B7357105}"
EndProject
Project("{9A19103F-16F7-4668-BE54-9A1E7A4F7556}") = "ApplicationTests", "BookingService\Tests\Application\ApplicationTests\ApplicationTests.csproj", "{ECDBB6F9-0A9F-4CB5-81AA-7CB1EF6D1A72}"
EndProject
Project("{9A19103F-16F7-4668-BE54-9A1E7A4F7556}") = "AdaptersTests", "BookingService\Tests\Adapters\AdaptersTests\AdaptersTests.csproj", "{F0D52BD6-016A-42D0-BE22-7D5AC884720F}"
EndProject
Project("{9A19103F-16F7-4668-BE54-9A1E7A4F7556}") = "API", "BookingService\Consumers\API\API.csproj", "{19E428FF-D936-4612-B366-B87FCEB2DAB2}"
EndProject
Project("{9A19103F-16F7-4668-BE54-9A1E7A4F7556}") = "Data", "BookingService\Adapters\Data\Data.csproj", "{4E0422F1-F8AA-4E89-BBA5-9EC9A51E56EF}"
EndProject
Project("{9A19103F-16F7-4668-BE54-9A1E7A4F7556}") = "Application", "BookingService\Core\Application\Application.csproj", "{6CB92518-BD88-49D3-AF7B-2FD3191862DD}"
EndProject
Project("{9A19103F-16F7-4668-BE54-9A1E7A4F7556}") = "Domain", "BookingService\Core\Domain\Domain.csproj", "{EA19CB7E-B326-47D4-8E44-6287AC79617F}"
EndProject
Project("{2150E333-8FDC-42A3-9474-1A3956D46DE8}") = "Core", "Core", "{D195F8E4-5969-42D6-8EB4-F7FC4B44FFBB}"
EndProject
Project("{2150E333-8FDC-42A3-9474-1A3956D46DE8}") = "Application", "Application", "{20A7849B-6A57-40F4-9E89-3C5B265B09FF}"
EndProject
Project("{2150E333-8FDC-42A3-9474-1A3956D46DE8}") = "Domain", "Domain", "{C27CFED3-90A1-4853-B4D1-E0AF6EF244D4}"
EndProject
Project("{FAE04EC0-301F-11D3-BF4B-00C04F79EFBC}") = "Payments.Application", "PaymentService\Core\Application\Application\Payments.Application.csproj", "{350525ED-95D4-48EA-AE1A-1862286FD14E}"
EndProject
Global
	GlobalSection(SolutionConfigurationPlatforms) = preSolution
		Debug|Any CPU = Debug|Any CPU
		Release|Any CPU = Release|Any CPU
	EndGlobalSection
	GlobalSection(ProjectConfigurationPlatforms) = postSolution
		{EBBD99A7-EDDB-4C83-9CEF-9687B7357105}.Debug|Any CPU.ActiveCfg = Debug|Any CPU
		{EBBD99A7-EDDB-4C83-9CEF-9687B7357105}.Debug|Any CPU.Build.0 = Debug|Any CPU
		{EBBD99A7-EDDB-4C83-9CEF-9687B7357105}.Release|Any CPU.ActiveCfg = Release|Any CPU
		{EBBD99A7-EDDB-4C83-9CEF-9687B7357105}.Release|Any CPU.Build.0 = Release|Any CPU
		{ECDBB6F9-0A9F-4CB5-81AA-7CB1EF6D1A72}.Debug|Any CPU.ActiveCfg = Debug|Any CPU
		{ECDBB6F9-0A9F-4CB5-81AA-7CB1EF6D1A72}.Debug|Any CPU.Build.0 = Debug|Any CPU
		{ECDBB6F9-0A9F-4CB5-81AA-7CB1EF6D1A72}.Release|Any CPU.ActiveCfg = Release|Any CPU
		{ECDBB6F9-0A9F-4CB5-81AA-7CB1EF6D1A72}.Release|Any CPU.Build.0 = Release|Any CPU
		{F0D52BD6-016A-42D0-BE22-7D5AC884720F}.Debug|Any CPU.ActiveCfg = Debug|Any CPU
		{F0D52BD6-016A-42D0-BE22-7D5AC884720F}.Debug|Any CPU.Build.0 = Debug|Any CPU
		{F0D52BD6-016A-42D0-BE22-7D5AC884720F}.Release|Any CPU.ActiveCfg = Release|Any CPU
		{F0D52BD6-016A-42D0-BE22-7D5AC884720F}.Release|Any CPU.Build.0 = Release|Any CPU
		{19E428FF-D936-4612-B366-B87FCEB2DAB2}.Debug|Any CPU.ActiveCfg = Debug|Any CPU
		{19E428FF-D936-4612-B366-B87FCEB2DAB2}.Debug|Any CPU.Build.0 = Debug|Any CPU
		{19E428FF-D936-4612-B366-B87FCEB2DAB2}.Release|Any CPU.ActiveCfg = Release|Any CPU
		{19E428FF-D936-4612-B366-B87FCEB2DAB2}.Release|Any CPU.Build.0 = Release|Any CPU
		{4E0422F1-F8AA-4E89-BBA5-9EC9A51E56EF}.Debug|Any CPU.ActiveCfg = Debug|Any CPU
		{4E0422F1-F8AA-4E89-BBA5-9EC9A51E56EF}.Debug|Any CPU.Build.0 = Debug|Any CPU
		{4E0422F1-F8AA-4E89-BBA5-9EC9A51E56EF}.Release|Any CPU.ActiveCfg = Release|Any CPU
		{4E0422F1-F8AA-4E89-BBA5-9EC9A51E56EF}.Release|Any CPU.Build.0 = Release|Any CPU
		{6CB92518-BD88-49D3-AF7B-2FD3191862DD}.Debug|Any CPU.ActiveCfg = Debug|Any CPU
		{6CB92518-BD88-49D3-AF7B-2FD3191862DD}.Debug|Any CPU.Build.0 = Debug|Any CPU
		{6CB92518-BD88-49D3-AF7B-2FD3191862DD}.Release|Any CPU.ActiveCfg = Release|Any CPU
		{6CB92518-BD88-49D3-AF7B-2FD3191862DD}.Release|Any CPU.Build.0 = Release|Any CPU
		{EA19CB7E-B326-47D4-8E44-6287AC79617F}.Debug|Any CPU.ActiveCfg = Debug|Any CPU
		{EA19CB7E-B326-47D4-8E44-6287AC79617F}.Debug|Any CPU.Build.0 = Debug|Any CPU
		{EA19CB7E-B326-47D4-8E44-6287AC79617F}.Release|Any CPU.ActiveCfg = Release|Any CPU
		{EA19CB7E-B326-47D4-8E44-6287AC79617F}.Release|Any CPU.Build.0 = Release|Any CPU
		{350525ED-95D4-48EA-AE1A-1862286FD14E}.Debug|Any CPU.ActiveCfg = Debug|Any CPU
		{350525ED-95D4-48EA-AE1A-1862286FD14E}.Debug|Any CPU.Build.0 = Debug|Any CPU
		{350525ED-95D4-48EA-AE1A-1862286FD14E}.Release|Any CPU.ActiveCfg = Release|Any CPU
		{350525ED-95D4-48EA-AE1A-1862286FD14E}.Release|Any CPU.Build.0 = Release|Any CPU
	EndGlobalSection
	GlobalSection(SolutionProperties) = preSolution
		HideSolutionNode = FALSE
	EndGlobalSection
	GlobalSection(NestedProjects) = preSolution
		{F046746B-889E-4DD6-A669-DECB2AEF8503} = {0B20A22E-8722-414A-AE36-3E670BAABF2B}
		{C478F4BA-BA2D-4917-A7C0-A540C7B25B32} = {F046746B-889E-4DD6-A669-DECB2AEF8503}
		{6F7CCA00-61B5-4852-9887-8C1C1E3DDB43} = {F046746B-889E-4DD6-A669-DECB2AEF8503}
		{433EEE36-4D3D-438B-A2E4-8BEEB9E7E183} = {0B20A22E-8722-414A-AE36-3E670BAABF2B}
		{35A99FDC-DF10-4DE4-BE11-9D645AA9B77C} = {0B20A22E-8722-414A-AE36-3E670BAABF2B}
		{48B2E03C-996A-48D8-B004-D0C5AF022294} = {0B20A22E-8722-414A-AE36-3E670BAABF2B}
		{ABF6C46D-F8BE-4E77-9B3E-988971350A00} = {48B2E03C-996A-48D8-B004-D0C5AF022294}
		{6C12FC95-AF07-448A-A820-AE83716991D8} = {48B2E03C-996A-48D8-B004-D0C5AF022294}
		{69DBFE94-C108-4895-AC87-081A27061034} = {48B2E03C-996A-48D8-B004-D0C5AF022294}
		{EBBD99A7-EDDB-4C83-9CEF-9687B7357105} = {ABF6C46D-F8BE-4E77-9B3E-988971350A00}
		{ECDBB6F9-0A9F-4CB5-81AA-7CB1EF6D1A72} = {6C12FC95-AF07-448A-A820-AE83716991D8}
		{F0D52BD6-016A-42D0-BE22-7D5AC884720F} = {69DBFE94-C108-4895-AC87-081A27061034}
		{19E428FF-D936-4612-B366-B87FCEB2DAB2} = {35A99FDC-DF10-4DE4-BE11-9D645AA9B77C}
		{4E0422F1-F8AA-4E89-BBA5-9EC9A51E56EF} = {433EEE36-4D3D-438B-A2E4-8BEEB9E7E183}
		{6CB92518-BD88-49D3-AF7B-2FD3191862DD} = {C478F4BA-BA2D-4917-A7C0-A540C7B25B32}
		{EA19CB7E-B326-47D4-8E44-6287AC79617F} = {6F7CCA00-61B5-4852-9887-8C1C1E3DDB43}
		{D195F8E4-5969-42D6-8EB4-F7FC4B44FFBB} = {BCF228AA-C18C-4E57-997C-C81E32F6F82F}
		{20A7849B-6A57-40F4-9E89-3C5B265B09FF} = {D195F8E4-5969-42D6-8EB4-F7FC4B44FFBB}
		{C27CFED3-90A1-4853-B4D1-E0AF6EF244D4} = {D195F8E4-5969-42D6-8EB4-F7FC4B44FFBB}
		{350525ED-95D4-48EA-AE1A-1862286FD14E} = {20A7849B-6A57-40F4-9E89-3C5B265B09FF}
	EndGlobalSection
	GlobalSection(ExtensibilityGlobals) = postSolution
		SolutionGuid = {37CD5F2B-6095-481B-9642-B6ED3141BF01}
	EndGlobalSection
EndGlobal
